{
  "name": "youtube-sniper",
  "lockfileVersion": 3,
  "requires": true,
  "packages": {
    "": {
      "dependencies": {
        "@danielxceron/youtube-transcript": "^1.2.3"
      }
    },
    "node_modules/@danielxceron/youtube-transcript": {
      "version": "1.2.3",
      "resolved": "https://registry.npmjs.org/@danielxceron/youtube-transcript/-/youtube-transcript-1.2.3.tgz",
      "integrity": "sha512-2LuyUkKG8YMzQ3QGYVJM/EVSMVW6GiLmmTTdPoXiBSgsLrGW5KmoYKJYRdcQ145wHG5tqBPb2xCZDZsUjgzULw==",
      "engines": {
        "node": ">=18.0.0"
      }
    }
  }
}
